# THIS IS AN AUTOGENERATED FILE. DO NOT EDIT THIS FILE DIRECTLY.
# yarn lockfile v1


"@myCompany/anotherLib@git://github.com/thomasbertet/360000466210-scoped":
  version "1.0.0"
  resolved "git://github.com/thomasbertet/360000466210-scoped#d4c3adaf64ca8686f43020df56099641a44504b5"

"myLib@git://github.com/thomasbertet/360000466210-simple":
  version "1.0.0"
  resolved "git://github.com/thomasbertet/360000466210-simple#3e332f6a7a4c4bd8a4cd7648721f359e926aa5da"
